
Microsoft Visual Studio Solution File, Format Version 12.00
# Visual Studio 2012
Project("{FAE04EC0-301F-11D3-BF4B-00C04F79EFBC}") = "Xamarin.Swift3", "Xamarin.Swift3\Xamarin.Swift3.csproj", "{B837D96F-AA4E-4CA4-8767-8E5A1A2C210E}"
EndProject
Project("{FAE04EC0-301F-11D3-BF4B-00C04F79EFBC}") = "Xamarin.Swift3.Core", "Xamarin.Swift3.Core\Xamarin.Swift3.Core.csproj", "{1C165FBB-615D-482A-B3F3-71D6C2C9476A}"
EndProject
Project("{FAE04EC0-301F-11D3-BF4B-00C04F79EFBC}") = "Xamarin.Swift3.Contacts", "Xamarin.Swift3.Contacts\Xamarin.Swift3.Contacts.csproj", "{3A63385A-4F18-4AFF-B8BE-AF01AE030374}"
EndProject
Project("{FAE04EC0-301F-11D3-BF4B-00C04F79EFBC}") = "Xamarin.Swift3.CoreGraphics", "Xamarin.Swift3.CoreGraphics\Xamarin.Swift3.CoreGraphics.csproj", "{9BF5F352-24F8-4CF4-8BBA-5F8345FB03EB}"
EndProject
Project("{FAE04EC0-301F-11D3-BF4B-00C04F79EFBC}") = "Xamarin.Swift3.CoreImage", "Xamarin.Swift3.CoreImage\Xamarin.Swift3.CoreImage.csproj", "{FD110875-6F9F-4928-A9B8-1FB9DF8FE0AC}"
EndProject
Project("{FAE04EC0-301F-11D3-BF4B-00C04F79EFBC}") = "Xamarin.Swift3.Darwin", "Xamarin.Swift3.Darwin\Xamarin.Swift3.Darwin.csproj", "{EA552DB2-A96A-45E3-A01B-4852CFA92083}"
EndProject
Project("{FAE04EC0-301F-11D3-BF4B-00C04F79EFBC}") = "Xamarin.Swift3.Dispatch", "Xamarin.Swift3.Dispatch\Xamarin.Swift3.Dispatch.csproj", "{B929F253-E1F6-4EC8-8533-3F5DAA49AE8B}"
EndProject
Project("{FAE04EC0-301F-11D3-BF4B-00C04F79EFBC}") = "Xamarin.Swift3.ObjectiveC", "Xamarin.Swift3.ObjectiveC\Xamarin.Swift3.ObjectiveC.csproj", "{B5791D37-CB43-49E7-B8BC-0547AB8C3238}"
EndProject
Project("{FAE04EC0-301F-11D3-BF4B-00C04F79EFBC}") = "Xamarin.Swift3.UIKit", "Xamarin.Swift3.UIKit\Xamarin.Swift3.UIKit.csproj", "{5B507686-6A23-4968-95BA-ADBD94E7DB28}"
EndProject
Project("{FAE04EC0-301F-11D3-BF4B-00C04F79EFBC}") = "Xamarin.Swift3.Foundation", "Xamarin.Swift3.Foundation\Xamarin.Swift3.Foundation.csproj", "{DA45D9AE-3F74-4518-A0F5-F0237FF9BAA1}"
EndProject
Global
	GlobalSection(SolutionConfigurationPlatforms) = preSolution
		Debug|Any CPU = Debug|Any CPU
		Release|Any CPU = Release|Any CPU
	EndGlobalSection
	GlobalSection(ProjectConfigurationPlatforms) = postSolution
		{B837D96F-AA4E-4CA4-8767-8E5A1A2C210E}.Debug|Any CPU.ActiveCfg = Debug|Any CPU
		{B837D96F-AA4E-4CA4-8767-8E5A1A2C210E}.Debug|Any CPU.Build.0 = Debug|Any CPU
		{B837D96F-AA4E-4CA4-8767-8E5A1A2C210E}.Release|Any CPU.ActiveCfg = Release|Any CPU
		{B837D96F-AA4E-4CA4-8767-8E5A1A2C210E}.Release|Any CPU.Build.0 = Release|Any CPU
		{1C165FBB-615D-482A-B3F3-71D6C2C9476A}.Debug|Any CPU.ActiveCfg = Debug|Any CPU
		{1C165FBB-615D-482A-B3F3-71D6C2C9476A}.Debug|Any CPU.Build.0 = Debug|Any CPU
		{1C165FBB-615D-482A-B3F3-71D6C2C9476A}.Release|Any CPU.ActiveCfg = Release|Any CPU
		{1C165FBB-615D-482A-B3F3-71D6C2C9476A}.Release|Any CPU.Build.0 = Release|Any CPU
		{3A63385A-4F18-4AFF-B8BE-AF01AE030374}.Debug|Any CPU.ActiveCfg = Debug|Any CPU
		{3A63385A-4F18-4AFF-B8BE-AF01AE030374}.Debug|Any CPU.Build.0 = Debug|Any CPU
		{3A63385A-4F18-4AFF-B8BE-AF01AE030374}.Release|Any CPU.ActiveCfg = Release|Any CPU
		{3A63385A-4F18-4AFF-B8BE-AF01AE030374}.Release|Any CPU.Build.0 = Release|Any CPU
		{9BF5F352-24F8-4CF4-8BBA-5F8345FB03EB}.Debug|Any CPU.ActiveCfg = Debug|Any CPU
		{9BF5F352-24F8-4CF4-8BBA-5F8345FB03EB}.Debug|Any CPU.Build.0 = Debug|Any CPU
		{9BF5F352-24F8-4CF4-8BBA-5F8345FB03EB}.Release|Any CPU.ActiveCfg = Release|Any CPU
		{9BF5F352-24F8-4CF4-8BBA-5F8345FB03EB}.Release|Any CPU.Build.0 = Release|Any CPU
		{FD110875-6F9F-4928-A9B8-1FB9DF8FE0AC}.Debug|Any CPU.ActiveCfg = Debug|Any CPU
		{FD110875-6F9F-4928-A9B8-1FB9DF8FE0AC}.Debug|Any CPU.Build.0 = Debug|Any CPU
		{FD110875-6F9F-4928-A9B8-1FB9DF8FE0AC}.Release|Any CPU.ActiveCfg = Release|Any CPU
		{FD110875-6F9F-4928-A9B8-1FB9DF8FE0AC}.Release|Any CPU.Build.0 = Release|Any CPU
		{EA552DB2-A96A-45E3-A01B-4852CFA92083}.Debug|Any CPU.ActiveCfg = Debug|Any CPU
		{EA552DB2-A96A-45E3-A01B-4852CFA92083}.Debug|Any CPU.Build.0 = Debug|Any CPU
		{EA552DB2-A96A-45E3-A01B-4852CFA92083}.Release|Any CPU.ActiveCfg = Release|Any CPU
		{EA552DB2-A96A-45E3-A01B-4852CFA92083}.Release|Any CPU.Build.0 = Release|Any CPU
		{B929F253-E1F6-4EC8-8533-3F5DAA49AE8B}.Debug|Any CPU.ActiveCfg = Debug|Any CPU
		{B929F253-E1F6-4EC8-8533-3F5DAA49AE8B}.Debug|Any CPU.Build.0 = Debug|Any CPU
		{B929F253-E1F6-4EC8-8533-3F5DAA49AE8B}.Release|Any CPU.ActiveCfg = Release|Any CPU
		{B929F253-E1F6-4EC8-8533-3F5DAA49AE8B}.Release|Any CPU.Build.0 = Release|Any CPU
		{B5791D37-CB43-49E7-B8BC-0547AB8C3238}.Debug|Any CPU.ActiveCfg = Debug|Any CPU
		{B5791D37-CB43-49E7-B8BC-0547AB8C3238}.Debug|Any CPU.Build.0 = Debug|Any CPU
		{B5791D37-CB43-49E7-B8BC-0547AB8C3238}.Release|Any CPU.ActiveCfg = Release|Any CPU
		{B5791D37-CB43-49E7-B8BC-0547AB8C3238}.Release|Any CPU.Build.0 = Release|Any CPU
		{5B507686-6A23-4968-95BA-ADBD94E7DB28}.Debug|Any CPU.ActiveCfg = Debug|Any CPU
		{5B507686-6A23-4968-95BA-ADBD94E7DB28}.Debug|Any CPU.Build.0 = Debug|Any CPU
		{5B507686-6A23-4968-95BA-ADBD94E7DB28}.Release|Any CPU.ActiveCfg = Release|Any CPU
		{5B507686-6A23-4968-95BA-ADBD94E7DB28}.Release|Any CPU.Build.0 = Release|Any CPU
		{DA45D9AE-3F74-4518-A0F5-F0237FF9BAA1}.Debug|Any CPU.ActiveCfg = Debug|Any CPU
		{DA45D9AE-3F74-4518-A0F5-F0237FF9BAA1}.Debug|Any CPU.Build.0 = Debug|Any CPU
		{DA45D9AE-3F74-4518-A0F5-F0237FF9BAA1}.Release|Any CPU.ActiveCfg = Release|Any CPU
		{DA45D9AE-3F74-4518-A0F5-F0237FF9BAA1}.Release|Any CPU.Build.0 = Release|Any CPU
	EndGlobalSection
EndGlobal
