
Microsoft Visual Studio Solution File, Format Version 12.00
# Visual Studio 15
Project("{FAE04EC0-301F-11D3-BF4B-00C04F79EFBC}") = "SwiftSupport", "SwiftSupport.csproj", "{DAE27BBE-0FFA-43B6-B125-A9E2DC628B62}"
EndProject
Global
	GlobalSection(SolutionConfigurationPlatforms) = preSolution
		Debug|Any CPU = Debug|Any CPU
		Release|Any CPU = Release|Any CPU
	EndGlobalSection
	GlobalSection(ProjectConfigurationPlatforms) = postSolution
		{DAE27BBE-0FFA-43B6-B125-A9E2DC628B62}.Debug|Any CPU.ActiveCfg = Debug|Any CPU
		{DAE27BBE-0FFA-43B6-B125-A9E2DC628B62}.Debug|Any CPU.Build.0 = Debug|Any CPU
		{DAE27BBE-0FFA-43B6-B125-A9E2DC628B62}.Release|Any CPU.ActiveCfg = Release|Any CPU
		{DAE27BBE-0FFA-43B6-B125-A9E2DC628B62}.Release|Any CPU.Build.0 = Release|Any CPU
	EndGlobalSection
EndGlobal
